{
  "version": 4,
  "terraform_version": "1.4.2",
  "serial": 1513,
  "lineage": "5de84fec-83e3-0190-472f-1badf288e108",
  "outputs": {
    "api_gateway_api_key": {
      "value": "ZgZOvRmW2P3wUWUFmcgHG5y1Ue6LUIoo4YEZIXC9",
      "type": "string",
      "sensitive": true
    },
    "iot_api_gw_url": {
      "value": "https://5y6ik2qvoj.execute-api.eu-central-1.amazonaws.com/",
      "type": "string"
    }
  },
  "resources": [
    {
      "mode": "data",
      "type": "archive_file",
      "name": "app_v1_lambda_file",
      "provider": "provider[\"registry.terraform.io/hashicorp/archive\"]",
      "instances": [
        {
          "schema_version": 0,
          "attributes": {
            "excludes": null,
            "id": "f3671cbe3c1f962284e82d936aa85345c2276247",
            "output_base64sha256": "GFYx7wWT8R0UlFf+DCJraJ3H14kuCJ/6gEP+mVFur9Q=",
            "output_file_mode": null,
            "output_md5": "d92795285af35bd61a17c10426b90604",
            "output_path": ".././terraform/files/app.zip",
            "output_sha": "f3671cbe3c1f962284e82d936aa85345c2276247",
            "output_size": 1617417,
            "source": [],
            "source_content": null,
            "source_content_filename": null,
            "source_dir": ".././app",
            "source_file": null,
            "type": "zip"
          },
          "sensitive_attributes": []
        }
      ]
    },
    {
      "mode": "managed",
      "type": "aws_api_gateway_api_key",
      "name": "app_key",
      "provider": "provider[\"registry.terraform.io/hashicorp/aws\"]",
      "instances": [
        {
          "schema_version": 0,
          "attributes": {
            "arn": "arn:aws:apigateway:eu-central-1::/apikeys/54sid7kyml",
            "created_date": "2025-06-04T12:23:07Z",
            "customer_id": "",
            "description": "Managed by Terraform",
            "enabled": true,
            "id": "54sid7kyml",
            "last_updated_date": "2025-06-04T12:23:07Z",
            "name": "app_api_key",
            "tags": {},
            "tags_all": {},
            "value": "ZgZOvRmW2P3wUWUFmcgHG5y1Ue6LUIoo4YEZIXC9"
          },
          "sensitive_attributes": [],
          "private": "bnVsbA=="
        }
      ]
    },
    {
      "mode": "managed",
      "type": "aws_api_gateway_deployment",
      "name": "app_v1_app_deployment",
      "provider": "provider[\"registry.terraform.io/hashicorp/aws\"]",
      "instances": [
        {
          "schema_version": 0,
          "attributes": {
            "created_date": "2025-06-07T10:01:32Z",
            "description": "",
            "execution_arn": "arn:aws:execute-api:eu-central-1:428652792036:5y6ik2qvoj/",
            "id": "3c7l35",
            "invoke_url": "https://5y6ik2qvoj.execute-api.eu-central-1.amazonaws.com/",
            "rest_api_id": "5y6ik2qvoj",
            "stage_description": null,
            "stage_name": null,
            "triggers": {
              "redeployment": "b71d736ea4e5c122fd22be826b7c7d985d1caf92"
            },
            "variables": null
          },
          "sensitive_attributes": [],
          "private": "bnVsbA==",
          "dependencies": [
            "aws_api_gateway_integration.app_v1_cors_options_integration",
            "aws_api_gateway_integration.app_v1_lambda_integration",
            "aws_api_gateway_integration_response.app_v1_cors_integration_response",
            "aws_api_gateway_method.app_v1_cors_options",
            "aws_api_gateway_method.app_v1_lambda_method",
            "aws_api_gateway_method_response.app_v1_cors_method_response",
            "aws_api_gateway_resource.app_v1_rest_path",
            "aws_api_gateway_rest_api.app_v1_rest_api"
          ],
          "create_before_destroy": true
        }
      ]
    },
    {
      "mode": "managed",
      "type": "aws_api_gateway_integration",
      "name": "app_v1_cors_options_integration",
      "provider": "provider[\"registry.terraform.io/hashicorp/aws\"]",
      "instances": [
        {
          "index_key": "v1/blinds",
          "schema_version": 0,
          "attributes": {
            "cache_key_parameters": null,
            "cache_namespace": "4run97",
            "connection_id": "",
            "connection_type": "INTERNET",
            "content_handling": "",
            "credentials": "",
            "http_method": "OPTIONS",
            "id": "agi-5y6ik2qvoj-4run97-OPTIONS",
            "integration_http_method": "",
            "passthrough_behavior": "WHEN_NO_MATCH",
            "request_parameters": null,
            "request_templates": {
              "application/json": "{\r\n  \"statusCode\": 200\r\n}\r\n"
            },
            "resource_id": "4run97",
            "rest_api_id": "5y6ik2qvoj",
            "timeout_milliseconds": 29000,
            "tls_config": [],
            "type": "MOCK",
            "uri": ""
          },
          "sensitive_attributes": [],
          "private": "bnVsbA==",
          "dependencies": [
            "aws_api_gateway_method.app_v1_cors_options",
            "aws_api_gateway_resource.app_v1_rest_path",
            "aws_api_gateway_rest_api.app_v1_rest_api"
          ],
          "create_before_destroy": true
        },
        {
          "index_key": "v1/sunrise",
          "schema_version": 0,
          "attributes": {
            "cache_key_parameters": null,
            "cache_namespace": "7i4th3",
            "connection_id": "",
            "connection_type": "INTERNET",
            "content_handling": "",
            "credentials": "",
            "http_method": "OPTIONS",
            "id": "agi-5y6ik2qvoj-7i4th3-OPTIONS",
            "integration_http_method": "",
            "passthrough_behavior": "WHEN_NO_MATCH",
            "request_parameters": null,
            "request_templates": {
              "application/json": "{\r\n  \"statusCode\": 200\r\n}\r\n"
            },
            "resource_id": "7i4th3",
            "rest_api_id": "5y6ik2qvoj",
            "timeout_milliseconds": 29000,
            "tls_config": [],
            "type": "MOCK",
            "uri": ""
          },
          "sensitive_attributes": [],
          "private": "bnVsbA==",
          "dependencies": [
            "aws_api_gateway_method.app_v1_cors_options",
            "aws_api_gateway_resource.app_v1_rest_path",
            "aws_api_gateway_rest_api.app_v1_rest_api"
          ],
          "create_before_destroy": true
        },
        {
          "index_key": "v1/temperature",
          "schema_version": 0,
          "attributes": {
            "cache_key_parameters": null,
            "cache_namespace": "kheqer",
            "connection_id": "",
            "connection_type": "INTERNET",
            "content_handling": "",
            "credentials": "",
            "http_method": "OPTIONS",
            "id": "agi-5y6ik2qvoj-kheqer-OPTIONS",
            "integration_http_method": "",
            "passthrough_behavior": "WHEN_NO_MATCH",
            "request_parameters": null,
            "request_templates": {
              "application/json": "{\r\n  \"statusCode\": 200\r\n}\r\n"
            },
            "resource_id": "kheqer",
            "rest_api_id": "5y6ik2qvoj",
            "timeout_milliseconds": 29000,
            "tls_config": [],
            "type": "MOCK",
            "uri": ""
          },
          "sensitive_attributes": [],
          "private": "bnVsbA==",
          "dependencies": [
            "aws_api_gateway_method.app_v1_cors_options",
            "aws_api_gateway_resource.app_v1_rest_path",
            "aws_api_gateway_rest_api.app_v1_rest_api"
          ],
          "create_before_destroy": true
        }
      ]
    },
    {
      "mode": "managed",
      "type": "aws_api_gateway_integration",
      "name": "app_v1_lambda_integration",
      "provider": "provider[\"registry.terraform.io/hashicorp/aws\"]",
      "instances": [
        {
          "index_key": "fixTemperature",
          "schema_version": 0,
          "attributes": {
            "cache_key_parameters": [],
            "cache_namespace": "kheqer",
            "connection_id": "",
            "connection_type": "INTERNET",
            "content_handling": "",
            "credentials": "",
            "http_method": "PUT",
            "id": "agi-5y6ik2qvoj-kheqer-PUT",
            "integration_http_method": "POST",
            "passthrough_behavior": "WHEN_NO_MATCH",
            "request_parameters": {},
            "request_templates": {},
            "resource_id": "kheqer",
            "rest_api_id": "5y6ik2qvoj",
            "timeout_milliseconds": 29000,
            "tls_config": [],
            "type": "AWS_PROXY",
            "uri": "arn:aws:apigateway:eu-central-1:lambda:path/2015-03-31/functions/arn:aws:lambda:eu-central-1:428652792036:function:app-v1-fix-temperature/invocations"
          },
          "sensitive_attributes": [],
          "private": "bnVsbA==",
          "dependencies": [
            "aws_api_gateway_method.app_v1_lambda_method",
            "aws_api_gateway_resource.app_v1_rest_path",
            "aws_api_gateway_resource.app_v1_rest_version",
            "aws_api_gateway_rest_api.app_v1_rest_api",
            "aws_dynamodb_table.app_v1_temperature",
            "aws_iam_role.app_v1_lambda_role",
            "aws_lambda_function.app_v1_lambda_main",
            "aws_s3_bucket.app_v1_bucket",
            "aws_s3_object.app_v1_s3_object",
            "data.archive_file.app_v1_lambda_file"
          ],
          "create_before_destroy": true
        },
        {
          "index_key": "getBlindStatus",
          "schema_version": 0,
          "attributes": {
            "cache_key_parameters": [],
            "cache_namespace": "4run97",
            "connection_id": "",
            "connection_type": "INTERNET",
            "content_handling": "",
            "credentials": "",
            "http_method": "GET",
            "id": "agi-5y6ik2qvoj-4run97-GET",
            "integration_http_method": "POST",
            "passthrough_behavior": "WHEN_NO_MATCH",
            "request_parameters": {},
            "request_templates": {},
            "resource_id": "4run97",
            "rest_api_id": "5y6ik2qvoj",
            "timeout_milliseconds": 29000,
            "tls_config": [],
            "type": "AWS_PROXY",
            "uri": "arn:aws:apigateway:eu-central-1:lambda:path/2015-03-31/functions/arn:aws:lambda:eu-central-1:428652792036:function:app-v1-get-blind-status/invocations"
          },
          "sensitive_attributes": [],
          "private": "bnVsbA==",
          "dependencies": [
            "aws_api_gateway_method.app_v1_lambda_method",
            "aws_api_gateway_resource.app_v1_rest_path",
            "aws_api_gateway_resource.app_v1_rest_version",
            "aws_api_gateway_rest_api.app_v1_rest_api",
            "aws_dynamodb_table.app_v1_temperature",
            "aws_iam_role.app_v1_lambda_role",
            "aws_lambda_function.app_v1_lambda_main",
            "aws_s3_bucket.app_v1_bucket",
            "aws_s3_object.app_v1_s3_object",
            "data.archive_file.app_v1_lambda_file"
          ],
          "create_before_destroy": true
        },
        {
          "index_key": "getSunrise",
          "schema_version": 0,
          "attributes": {
            "cache_key_parameters": [],
            "cache_namespace": "7i4th3",
            "connection_id": "",
            "connection_type": "INTERNET",
            "content_handling": "",
            "credentials": "",
            "http_method": "GET",
            "id": "agi-5y6ik2qvoj-7i4th3-GET",
            "integration_http_method": "POST",
            "passthrough_behavior": "WHEN_NO_MATCH",
            "request_parameters": {},
            "request_templates": {},
            "resource_id": "7i4th3",
            "rest_api_id": "5y6ik2qvoj",
            "timeout_milliseconds": 29000,
            "tls_config": [],
            "type": "AWS_PROXY",
            "uri": "arn:aws:apigateway:eu-central-1:lambda:path/2015-03-31/functions/arn:aws:lambda:eu-central-1:428652792036:function:app-v1-get-sunrise/invocations"
          },
          "sensitive_attributes": [],
          "private": "bnVsbA==",
          "dependencies": [
            "aws_api_gateway_method.app_v1_lambda_method",
            "aws_api_gateway_resource.app_v1_rest_path",
            "aws_api_gateway_resource.app_v1_rest_version",
            "aws_api_gateway_rest_api.app_v1_rest_api",
            "aws_dynamodb_table.app_v1_temperature",
            "aws_iam_role.app_v1_lambda_role",
            "aws_lambda_function.app_v1_lambda_main",
            "aws_s3_bucket.app_v1_bucket",
            "aws_s3_object.app_v1_s3_object",
            "data.archive_file.app_v1_lambda_file"
          ],
          "create_before_destroy": true
        },
        {
          "index_key": "getTemperature",
          "schema_version": 0,
          "attributes": {
            "cache_key_parameters": [],
            "cache_namespace": "kheqer",
            "connection_id": "",
            "connection_type": "INTERNET",
            "content_handling": "",
            "credentials": "",
            "http_method": "GET",
            "id": "agi-5y6ik2qvoj-kheqer-GET",
            "integration_http_method": "POST",
            "passthrough_behavior": "WHEN_NO_MATCH",
            "request_parameters": {},
            "request_templates": {},
            "resource_id": "kheqer",
            "rest_api_id": "5y6ik2qvoj",
            "timeout_milliseconds": 29000,
            "tls_config": [],
            "type": "AWS_PROXY",
            "uri": "arn:aws:apigateway:eu-central-1:lambda:path/2015-03-31/functions/arn:aws:lambda:eu-central-1:428652792036:function:app-v1-get-temperature/invocations"
          },
          "sensitive_attributes": [],
          "private": "bnVsbA==",
          "dependencies": [
            "aws_api_gateway_method.app_v1_lambda_method",
            "aws_api_gateway_resource.app_v1_rest_path",
            "aws_api_gateway_resource.app_v1_rest_version",
            "aws_api_gateway_rest_api.app_v1_rest_api",
            "aws_dynamodb_table.app_v1_temperature",
            "aws_iam_role.app_v1_lambda_role",
            "aws_lambda_function.app_v1_lambda_main",
            "aws_s3_bucket.app_v1_bucket",
            "aws_s3_object.app_v1_s3_object",
            "data.archive_file.app_v1_lambda_file"
          ],
          "create_before_destroy": true
        },
        {
          "index_key": "setBlindPosition",
          "schema_version": 0,
          "attributes": {
            "cache_key_parameters": [],
            "cache_namespace": "4run97",
            "connection_id": "",
            "connection_type": "INTERNET",
            "content_handling": "",
            "credentials": "",
            "http_method": "POST",
            "id": "agi-5y6ik2qvoj-4run97-POST",
            "integration_http_method": "POST",
            "passthrough_behavior": "WHEN_NO_MATCH",
            "request_parameters": {},
            "request_templates": {},
            "resource_id": "4run97",
            "rest_api_id": "5y6ik2qvoj",
            "timeout_milliseconds": 29000,
            "tls_config": [],
            "type": "AWS_PROXY",
            "uri": "arn:aws:apigateway:eu-central-1:lambda:path/2015-03-31/functions/arn:aws:lambda:eu-central-1:428652792036:function:app-v1-set-blind-position/invocations"
          },
          "sensitive_attributes": [],
          "private": "bnVsbA==",
          "dependencies": [
            "aws_api_gateway_method.app_v1_lambda_method",
            "aws_api_gateway_resource.app_v1_rest_path",
            "aws_api_gateway_resource.app_v1_rest_version",
            "aws_api_gateway_rest_api.app_v1_rest_api",
            "aws_dynamodb_table.app_v1_temperature",
            "aws_iam_role.app_v1_lambda_role",
            "aws_lambda_function.app_v1_lambda_main",
            "aws_s3_bucket.app_v1_bucket",
            "aws_s3_object.app_v1_s3_object",
            "data.archive_file.app_v1_lambda_file"
          ],
          "create_before_destroy": true
        },
        {
          "index_key": "setTemperature",
          "schema_version": 0,
          "attributes": {
            "cache_key_parameters": [],
            "cache_namespace": "kheqer",
            "connection_id": "",
            "connection_type": "INTERNET",
            "content_handling": "",
            "credentials": "",
            "http_method": "POST",
            "id": "agi-5y6ik2qvoj-kheqer-POST",
            "integration_http_method": "POST",
            "passthrough_behavior": "WHEN_NO_MATCH",
            "request_parameters": {},
            "request_templates": {},
            "resource_id": "kheqer",
            "rest_api_id": "5y6ik2qvoj",
            "timeout_milliseconds": 29000,
            "tls_config": [],
            "type": "AWS_PROXY",
            "uri": "arn:aws:apigateway:eu-central-1:lambda:path/2015-03-31/functions/arn:aws:lambda:eu-central-1:428652792036:function:app-v1-set-temperature/invocations"
          },
          "sensitive_attributes": [],
          "private": "bnVsbA==",
          "dependencies": [
            "aws_api_gateway_method.app_v1_lambda_method",
            "aws_api_gateway_resource.app_v1_rest_path",
            "aws_api_gateway_resource.app_v1_rest_version",
            "aws_api_gateway_rest_api.app_v1_rest_api",
            "aws_dynamodb_table.app_v1_temperature",
            "aws_iam_role.app_v1_lambda_role",
            "aws_lambda_function.app_v1_lambda_main",
            "aws_s3_bucket.app_v1_bucket",
            "aws_s3_object.app_v1_s3_object",
            "data.archive_file.app_v1_lambda_file"
          ],
          "create_before_destroy": true
        }
      ]
    },
    {
      "mode": "managed",
      "type": "aws_api_gateway_integration_response",
      "name": "app_v1_cors_integration_response",
      "provider": "provider[\"registry.terraform.io/hashicorp/aws\"]",
      "instances": [
        {
          "index_key": "v1/blinds",
          "schema_version": 0,
          "attributes": {
            "content_handling": "",
            "http_method": "OPTIONS",
            "id": "agir-5y6ik2qvoj-4run97-OPTIONS-200",
            "resource_id": "4run97",
            "response_parameters": {
              "method.response.header.Access-Control-Allow-Headers": "'Content-Type,X-Amz-Date,Authorization,X-Api-Key,X-Amz-Security-Token'",
              "method.response.header.Access-Control-Allow-Methods": "'OPTIONS,GET,PUT,POST,DELETE'",
              "method.response.header.Access-Control-Allow-Origin": "'*'"
            },
            "response_templates": {},
            "rest_api_id": "5y6ik2qvoj",
            "selection_pattern": "",
            "status_code": "200"
          },
          "sensitive_attributes": [],
          "private": "bnVsbA==",
          "dependencies": [
            "aws_api_gateway_integration.app_v1_cors_options_integration",
            "aws_api_gateway_method.app_v1_cors_options",
            "aws_api_gateway_method_response.app_v1_cors_method_response",
            "aws_api_gateway_resource.app_v1_rest_path",
            "aws_api_gateway_resource.app_v1_rest_version",
            "aws_api_gateway_rest_api.app_v1_rest_api"
          ],
          "create_before_destroy": true
        },
        {
          "index_key": "v1/sunrise",
          "schema_version": 0,
          "attributes": {
            "content_handling": "",
            "http_method": "OPTIONS",
            "id": "agir-5y6ik2qvoj-7i4th3-OPTIONS-200",
            "resource_id": "7i4th3",
            "response_parameters": {
              "method.response.header.Access-Control-Allow-Headers": "'Content-Type,X-Amz-Date,Authorization,X-Api-Key,X-Amz-Security-Token'",
              "method.response.header.Access-Control-Allow-Methods": "'OPTIONS,GET,PUT,POST,DELETE'",
              "method.response.header.Access-Control-Allow-Origin": "'*'"
            },
            "response_templates": {},
            "rest_api_id": "5y6ik2qvoj",
            "selection_pattern": "",
            "status_code": "200"
          },
          "sensitive_attributes": [],
          "private": "bnVsbA==",
          "dependencies": [
            "aws_api_gateway_integration.app_v1_cors_options_integration",
            "aws_api_gateway_method.app_v1_cors_options",
            "aws_api_gateway_method_response.app_v1_cors_method_response",
            "aws_api_gateway_resource.app_v1_rest_path",
            "aws_api_gateway_resource.app_v1_rest_version",
            "aws_api_gateway_rest_api.app_v1_rest_api"
          ],
          "create_before_destroy": true
        },
        {
          "index_key": "v1/temperature",
          "schema_version": 0,
          "attributes": {
            "content_handling": "",
            "http_method": "OPTIONS",
            "id": "agir-5y6ik2qvoj-kheqer-OPTIONS-200",
            "resource_id": "kheqer",
            "response_parameters": {
              "method.response.header.Access-Control-Allow-Headers": "'Content-Type,X-Amz-Date,Authorization,X-Api-Key,X-Amz-Security-Token'",
              "method.response.header.Access-Control-Allow-Methods": "'OPTIONS,GET,PUT,POST,DELETE'",
              "method.response.header.Access-Control-Allow-Origin": "'*'"
            },
            "response_templates": {},
            "rest_api_id": "5y6ik2qvoj",
            "selection_pattern": "",
            "status_code": "200"
          },
          "sensitive_attributes": [],
          "private": "bnVsbA==",
          "dependencies": [
            "aws_api_gateway_integration.app_v1_cors_options_integration",
            "aws_api_gateway_method.app_v1_cors_options",
            "aws_api_gateway_method_response.app_v1_cors_method_response",
            "aws_api_gateway_resource.app_v1_rest_path",
            "aws_api_gateway_resource.app_v1_rest_version",
            "aws_api_gateway_rest_api.app_v1_rest_api"
          ],
          "create_before_destroy": true
        }
      ]
    },
    {
      "mode": "managed",
      "type": "aws_api_gateway_method",
      "name": "app_v1_cors_options",
      "provider": "provider[\"registry.terraform.io/hashicorp/aws\"]",
      "instances": [
        {
          "index_key": "v1/blinds",
          "schema_version": 0,
          "attributes": {
            "api_key_required": false,
            "authorization": "NONE",
            "authorization_scopes": [],
            "authorizer_id": "",
            "http_method": "OPTIONS",
            "id": "agm-5y6ik2qvoj-4run97-OPTIONS",
            "operation_name": "",
            "request_models": {},
            "request_parameters": {},
            "request_validator_id": "",
            "resource_id": "4run97",
            "rest_api_id": "5y6ik2qvoj"
          },
          "sensitive_attributes": [],
          "private": "bnVsbA==",
          "dependencies": [
            "aws_api_gateway_resource.app_v1_rest_path",
            "aws_api_gateway_resource.app_v1_rest_version",
            "aws_api_gateway_rest_api.app_v1_rest_api"
          ],
          "create_before_destroy": true
        },
        {
          "index_key": "v1/sunrise",
          "schema_version": 0,
          "attributes": {
            "api_key_required": false,
            "authorization": "NONE",
            "authorization_scopes": [],
            "authorizer_id": "",
            "http_method": "OPTIONS",
            "id": "agm-5y6ik2qvoj-7i4th3-OPTIONS",
            "operation_name": "",
            "request_models": {},
            "request_parameters": {},
            "request_validator_id": "",
            "resource_id": "7i4th3",
            "rest_api_id": "5y6ik2qvoj"
          },
          "sensitive_attributes": [],
          "private": "bnVsbA==",
          "dependencies": [
            "aws_api_gateway_resource.app_v1_rest_path",
            "aws_api_gateway_resource.app_v1_rest_version",
            "aws_api_gateway_rest_api.app_v1_rest_api"
          ],
          "create_before_destroy": true
        },
        {
          "index_key": "v1/temperature",
          "schema_version": 0,
          "attributes": {
            "api_key_required": false,
            "authorization": "NONE",
            "authorization_scopes": [],
            "authorizer_id": "",
            "http_method": "OPTIONS",
            "id": "agm-5y6ik2qvoj-kheqer-OPTIONS",
            "operation_name": "",
            "request_models": {},
            "request_parameters": {},
            "request_validator_id": "",
            "resource_id": "kheqer",
            "rest_api_id": "5y6ik2qvoj"
          },
          "sensitive_attributes": [],
          "private": "bnVsbA==",
          "dependencies": [
            "aws_api_gateway_resource.app_v1_rest_path",
            "aws_api_gateway_resource.app_v1_rest_version",
            "aws_api_gateway_rest_api.app_v1_rest_api"
          ],
          "create_before_destroy": true
        }
      ]
    },
    {
      "mode": "managed",
      "type": "aws_api_gateway_method",
      "name": "app_v1_lambda_method",
      "provider": "provider[\"registry.terraform.io/hashicorp/aws\"]",
      "instances": [
        {
          "index_key": "fixTemperature",
          "schema_version": 0,
          "attributes": {
            "api_key_required": true,
            "authorization": "NONE",
            "authorization_scopes": [],
            "authorizer_id": "",
            "http_method": "PUT",
            "id": "agm-5y6ik2qvoj-kheqer-PUT",
            "operation_name": "",
            "request_models": {},
            "request_parameters": {},
            "request_validator_id": "",
            "resource_id": "kheqer",
            "rest_api_id": "5y6ik2qvoj"
          },
          "sensitive_attributes": [],
          "private": "bnVsbA==",
          "dependencies": [
            "aws_api_gateway_resource.app_v1_rest_path",
            "aws_api_gateway_resource.app_v1_rest_version",
            "aws_api_gateway_rest_api.app_v1_rest_api"
          ],
          "create_before_destroy": true
        },
        {
          "index_key": "getBlindStatus",
          "schema_version": 0,
          "attributes": {
            "api_key_required": true,
            "authorization": "NONE",
            "authorization_scopes": [],
            "authorizer_id": "",
            "http_method": "GET",
            "id": "agm-5y6ik2qvoj-4run97-GET",
            "operation_name": "",
            "request_models": {},
            "request_parameters": {},
            "request_validator_id": "",
            "resource_id": "4run97",
            "rest_api_id": "5y6ik2qvoj"
          },
          "sensitive_attributes": [],
          "private": "bnVsbA==",
          "dependencies": [
            "aws_api_gateway_resource.app_v1_rest_path",
            "aws_api_gateway_resource.app_v1_rest_version",
            "aws_api_gateway_rest_api.app_v1_rest_api"
          ],
          "create_before_destroy": true
        },
        {
          "index_key": "getSunrise",
          "schema_version": 0,
          "attributes": {
            "api_key_required": true,
            "authorization": "NONE",
            "authorization_scopes": [],
            "authorizer_id": "",
            "http_method": "GET",
            "id": "agm-5y6ik2qvoj-7i4th3-GET",
            "operation_name": "",
            "request_models": {},
            "request_parameters": {},
            "request_validator_id": "",
            "resource_id": "7i4th3",
            "rest_api_id": "5y6ik2qvoj"
          },
          "sensitive_attributes": [],
          "private": "bnVsbA==",
          "dependencies": [
            "aws_api_gateway_resource.app_v1_rest_path",
            "aws_api_gateway_resource.app_v1_rest_version",
            "aws_api_gateway_rest_api.app_v1_rest_api"
          ],
          "create_before_destroy": true
        },
        {
          "index_key": "getTemperature",
          "schema_version": 0,
          "attributes": {
            "api_key_required": true,
            "authorization": "NONE",
            "authorization_scopes": [],
            "authorizer_id": "",
            "http_method": "GET",
            "id": "agm-5y6ik2qvoj-kheqer-GET",
            "operation_name": "",
            "request_models": {},
            "request_parameters": {},
            "request_validator_id": "",
            "resource_id": "kheqer",
            "rest_api_id": "5y6ik2qvoj"
          },
          "sensitive_attributes": [],
          "private": "bnVsbA==",
          "dependencies": [
            "aws_api_gateway_resource.app_v1_rest_path",
            "aws_api_gateway_resource.app_v1_rest_version",
            "aws_api_gateway_rest_api.app_v1_rest_api"
          ],
          "create_before_destroy": true
        },
        {
          "index_key": "setBlindPosition",
          "schema_version": 0,
          "attributes": {
            "api_key_required": true,
            "authorization": "NONE",
            "authorization_scopes": [],
            "authorizer_id": "",
            "http_method": "POST",
            "id": "agm-5y6ik2qvoj-4run97-POST",
            "operation_name": "",
            "request_models": {},
            "request_parameters": {},
            "request_validator_id": "",
            "resource_id": "4run97",
            "rest_api_id": "5y6ik2qvoj"
          },
          "sensitive_attributes": [],
          "private": "bnVsbA==",
          "dependencies": [
            "aws_api_gateway_resource.app_v1_rest_path",
            "aws_api_gateway_resource.app_v1_rest_version",
            "aws_api_gateway_rest_api.app_v1_rest_api"
          ],
          "create_before_destroy": true
        },
        {
          "index_key": "setTemperature",
          "schema_version": 0,
          "attributes": {
            "api_key_required": true,
            "authorization": "NONE",
            "authorization_scopes": [],
            "authorizer_id": "",
            "http_method": "POST",
            "id": "agm-5y6ik2qvoj-kheqer-POST",
            "operation_name": "",
            "request_models": {},
            "request_parameters": {},
            "request_validator_id": "",
            "resource_id": "kheqer",
            "rest_api_id": "5y6ik2qvoj"
          },
          "sensitive_attributes": [],
          "private": "bnVsbA==",
          "dependencies": [
            "aws_api_gateway_resource.app_v1_rest_path",
            "aws_api_gateway_resource.app_v1_rest_version",
            "aws_api_gateway_rest_api.app_v1_rest_api"
          ],
          "create_before_destroy": true
        }
      ]
    },
    {
      "mode": "managed",
      "type": "aws_api_gateway_method_response",
      "name": "app_v1_cors_method_response",
      "provider": "provider[\"registry.terraform.io/hashicorp/aws\"]",
      "instances": [
        {
          "index_key": "v1/blinds",
          "schema_version": 0,
          "attributes": {
            "http_method": "OPTIONS",
            "id": "agmr-5y6ik2qvoj-4run97-OPTIONS-200",
            "resource_id": "4run97",
            "response_models": {
              "application/json": "Empty"
            },
            "response_parameters": {
              "method.response.header.Access-Control-Allow-Headers": true,
              "method.response.header.Access-Control-Allow-Methods": true,
              "method.response.header.Access-Control-Allow-Origin": true
            },
            "rest_api_id": "5y6ik2qvoj",
            "status_code": "200"
          },
          "sensitive_attributes": [],
          "private": "bnVsbA==",
          "dependencies": [
            "aws_api_gateway_integration.app_v1_cors_options_integration",
            "aws_api_gateway_method.app_v1_cors_options",
            "aws_api_gateway_resource.app_v1_rest_path",
            "aws_api_gateway_resource.app_v1_rest_version",
            "aws_api_gateway_rest_api.app_v1_rest_api"
          ],
          "create_before_destroy": true
        },
        {
          "index_key": "v1/sunrise",
          "schema_version": 0,
          "attributes": {
            "http_method": "OPTIONS",
            "id": "agmr-5y6ik2qvoj-7i4th3-OPTIONS-200",
            "resource_id": "7i4th3",
            "response_models": {
              "application/json": "Empty"
            },
            "response_parameters": {
              "method.response.header.Access-Control-Allow-Headers": true,
              "method.response.header.Access-Control-Allow-Methods": true,
              "method.response.header.Access-Control-Allow-Origin": true
            },
            "rest_api_id": "5y6ik2qvoj",
            "status_code": "200"
          },
          "sensitive_attributes": [],
          "private": "bnVsbA==",
          "dependencies": [
            "aws_api_gateway_integration.app_v1_cors_options_integration",
            "aws_api_gateway_method.app_v1_cors_options",
            "aws_api_gateway_resource.app_v1_rest_path",
            "aws_api_gateway_resource.app_v1_rest_version",
            "aws_api_gateway_rest_api.app_v1_rest_api"
          ],
          "create_before_destroy": true
        },
        {
          "index_key": "v1/temperature",
          "schema_version": 0,
          "attributes": {
            "http_method": "OPTIONS",
            "id": "agmr-5y6ik2qvoj-kheqer-OPTIONS-200",
            "resource_id": "kheqer",
            "response_models": {
              "application/json": "Empty"
            },
            "response_parameters": {
              "method.response.header.Access-Control-Allow-Headers": true,
              "method.response.header.Access-Control-Allow-Methods": true,
              "method.response.header.Access-Control-Allow-Origin": true
            },
            "rest_api_id": "5y6ik2qvoj",
            "status_code": "200"
          },
          "sensitive_attributes": [],
          "private": "bnVsbA==",
          "dependencies": [
            "aws_api_gateway_integration.app_v1_cors_options_integration",
            "aws_api_gateway_method.app_v1_cors_options",
            "aws_api_gateway_resource.app_v1_rest_path",
            "aws_api_gateway_resource.app_v1_rest_version",
            "aws_api_gateway_rest_api.app_v1_rest_api"
          ],
          "create_before_destroy": true
        }
      ]
    },
    {
      "mode": "managed",
      "type": "aws_api_gateway_resource",
      "name": "app_v1_rest_path",
      "provider": "provider[\"registry.terraform.io/hashicorp/aws\"]",
      "instances": [
        {
          "index_key": "v1/blinds",
          "schema_version": 0,
          "attributes": {
            "id": "4run97",
            "parent_id": "lfd8w6",
            "path": "/v1/blinds",
            "path_part": "blinds",
            "rest_api_id": "5y6ik2qvoj"
          },
          "sensitive_attributes": [],
          "private": "bnVsbA==",
          "dependencies": [
            "aws_api_gateway_resource.app_v1_rest_version",
            "aws_api_gateway_rest_api.app_v1_rest_api"
          ],
          "create_before_destroy": true
        },
        {
          "index_key": "v1/sunrise",
          "schema_version": 0,
          "attributes": {
            "id": "7i4th3",
            "parent_id": "lfd8w6",
            "path": "/v1/sunrise",
            "path_part": "sunrise",
            "rest_api_id": "5y6ik2qvoj"
          },
          "sensitive_attributes": [],
          "private": "bnVsbA==",
          "dependencies": [
            "aws_api_gateway_resource.app_v1_rest_version",
            "aws_api_gateway_rest_api.app_v1_rest_api"
          ],
          "create_before_destroy": true
        },
        {
          "index_key": "v1/temperature",
          "schema_version": 0,
          "attributes": {
            "id": "kheqer",
            "parent_id": "lfd8w6",
            "path": "/v1/temperature",
            "path_part": "temperature",
            "rest_api_id": "5y6ik2qvoj"
          },
          "sensitive_attributes": [],
          "private": "bnVsbA==",
          "dependencies": [
            "aws_api_gateway_resource.app_v1_rest_version",
            "aws_api_gateway_rest_api.app_v1_rest_api"
          ],
          "create_before_destroy": true
        }
      ]
    },
    {
      "mode": "managed",
      "type": "aws_api_gateway_resource",
      "name": "app_v1_rest_version",
      "provider": "provider[\"registry.terraform.io/hashicorp/aws\"]",
      "instances": [
        {
          "index_key": "v1",
          "schema_version": 0,
          "attributes": {
            "id": "lfd8w6",
            "parent_id": "d87kq578eb",
            "path": "/v1",
            "path_part": "v1",
            "rest_api_id": "5y6ik2qvoj"
          },
          "sensitive_attributes": [],
          "private": "bnVsbA==",
          "dependencies": [
            "aws_api_gateway_rest_api.app_v1_rest_api"
          ],
          "create_before_destroy": true
        }
      ]
    },
    {
      "mode": "managed",
      "type": "aws_api_gateway_rest_api",
      "name": "app_v1_rest_api",
      "provider": "provider[\"registry.terraform.io/hashicorp/aws\"]",
      "instances": [
        {
          "schema_version": 0,
          "attributes": {
            "api_key_source": "HEADER",
            "arn": "arn:aws:apigateway:eu-central-1::/restapis/5y6ik2qvoj",
            "binary_media_types": [],
            "body": null,
            "created_date": "2025-06-04T12:23:07Z",
            "description": "",
            "disable_execute_api_endpoint": false,
            "endpoint_configuration": [
              {
                "types": [
                  "EDGE"
                ],
                "vpc_endpoint_ids": []
              }
            ],
            "execution_arn": "arn:aws:execute-api:eu-central-1:428652792036:5y6ik2qvoj",
            "fail_on_warnings": null,
            "id": "5y6ik2qvoj",
            "minimum_compression_size": "",
            "name": "app-v1-rest-api",
            "parameters": null,
            "policy": "",
            "put_rest_api_mode": null,
            "root_resource_id": "d87kq578eb",
            "tags": {},
            "tags_all": {}
          },
          "sensitive_attributes": [],
          "private": "bnVsbA==",
          "create_before_destroy": true
        }
      ]
    },
    {
      "mode": "managed",
      "type": "aws_api_gateway_stage",
      "name": "app_v1_stage",
      "provider": "provider[\"registry.terraform.io/hashicorp/aws\"]",
      "instances": [
        {
          "schema_version": 0,
          "attributes": {
            "access_log_settings": [],
            "arn": "arn:aws:apigateway:eu-central-1::/restapis/5y6ik2qvoj/stages/prod",
            "cache_cluster_enabled": false,
            "cache_cluster_size": "",
            "canary_settings": [],
            "client_certificate_id": "",
            "deployment_id": "3c7l35",
            "description": "",
            "documentation_version": "",
            "execution_arn": "arn:aws:execute-api:eu-central-1:428652792036:5y6ik2qvoj/prod",
            "id": "ags-5y6ik2qvoj-prod",
            "invoke_url": "https://5y6ik2qvoj.execute-api.eu-central-1.amazonaws.com/prod",
            "rest_api_id": "5y6ik2qvoj",
            "stage_name": "prod",
            "tags": {},
            "tags_all": {},
            "variables": {},
            "web_acl_arn": "",
            "xray_tracing_enabled": false
          },
          "sensitive_attributes": [],
          "private": "bnVsbA==",
          "dependencies": [
            "aws_api_gateway_deployment.app_v1_app_deployment",
            "aws_api_gateway_integration.app_v1_cors_options_integration",
            "aws_api_gateway_integration.app_v1_lambda_integration",
            "aws_api_gateway_integration_response.app_v1_cors_integration_response",
            "aws_api_gateway_method.app_v1_cors_options",
            "aws_api_gateway_method.app_v1_lambda_method",
            "aws_api_gateway_method_response.app_v1_cors_method_response",
            "aws_api_gateway_resource.app_v1_rest_path",
            "aws_api_gateway_rest_api.app_v1_rest_api"
          ]
        }
      ]
    },
    {
      "mode": "managed",
      "type": "aws_api_gateway_usage_plan",
      "name": "app_usage_plan",
      "provider": "provider[\"registry.terraform.io/hashicorp/aws\"]",
      "instances": [
        {
          "schema_version": 0,
          "attributes": {
            "api_stages": [
              {
                "api_id": "5y6ik2qvoj",
                "stage": "prod",
                "throttle": []
              }
            ],
            "arn": "arn:aws:apigateway:eu-central-1::/usageplans/hdo4kv",
            "description": "",
            "id": "hdo4kv",
            "name": "app_usage_plan",
            "product_code": "",
            "quota_settings": [],
            "tags": {},
            "tags_all": {},
            "throttle_settings": [
              {
                "burst_limit": 100,
                "rate_limit": 50
              }
            ]
          },
          "sensitive_attributes": [],
          "private": "bnVsbA==",
          "dependencies": [
            "aws_api_gateway_deployment.app_v1_app_deployment",
            "aws_api_gateway_integration.app_v1_cors_options_integration",
            "aws_api_gateway_integration.app_v1_lambda_integration",
            "aws_api_gateway_integration_response.app_v1_cors_integration_response",
            "aws_api_gateway_method.app_v1_cors_options",
            "aws_api_gateway_method.app_v1_lambda_method",
            "aws_api_gateway_method_response.app_v1_cors_method_response",
            "aws_api_gateway_resource.app_v1_rest_path",
            "aws_api_gateway_resource.app_v1_rest_version",
            "aws_api_gateway_rest_api.app_v1_rest_api",
            "aws_api_gateway_stage.app_v1_stage",
            "aws_dynamodb_table.app_v1_temperature",
            "aws_iam_role.app_v1_lambda_role",
            "aws_lambda_function.app_v1_lambda_main",
            "aws_s3_bucket.app_v1_bucket",
            "aws_s3_object.app_v1_s3_object",
            "data.archive_file.app_v1_lambda_file"
          ]
        }
      ]
    },
    {
      "mode": "managed",
      "type": "aws_api_gateway_usage_plan_key",
      "name": "app_usage_plan_key",
      "provider": "provider[\"registry.terraform.io/hashicorp/aws\"]",
      "instances": [
        {
          "schema_version": 0,
          "attributes": {
            "id": "54sid7kyml",
            "key_id": "54sid7kyml",
            "key_type": "API_KEY",
            "name": "app_api_key",
            "usage_plan_id": "hdo4kv",
            "value": "ZgZOvRmW2P3wUWUFmcgHG5y1Ue6LUIoo4YEZIXC9"
          },
          "sensitive_attributes": [],
          "private": "bnVsbA==",
          "dependencies": [
            "aws_api_gateway_api_key.app_key",
            "aws_api_gateway_deployment.app_v1_app_deployment",
            "aws_api_gateway_integration.app_v1_cors_options_integration",
            "aws_api_gateway_integration.app_v1_lambda_integration",
            "aws_api_gateway_integration_response.app_v1_cors_integration_response",
            "aws_api_gateway_method.app_v1_cors_options",
            "aws_api_gateway_method.app_v1_lambda_method",
            "aws_api_gateway_method_response.app_v1_cors_method_response",
            "aws_api_gateway_resource.app_v1_rest_path",
            "aws_api_gateway_resource.app_v1_rest_version",
            "aws_api_gateway_rest_api.app_v1_rest_api",
            "aws_api_gateway_stage.app_v1_stage",
            "aws_api_gateway_usage_plan.app_usage_plan",
            "aws_dynamodb_table.app_v1_temperature",
            "aws_iam_role.app_v1_lambda_role",
            "aws_lambda_function.app_v1_lambda_main",
            "aws_s3_bucket.app_v1_bucket",
            "aws_s3_object.app_v1_s3_object",
            "data.archive_file.app_v1_lambda_file"
          ]
        }
      ]
    },
    {
      "mode": "managed",
      "type": "aws_cloudwatch_log_group",
      "name": "iot_lambda_main",
      "provider": "provider[\"registry.terraform.io/hashicorp/aws\"]",
      "instances": [
        {
          "index_key": "fixTemperature",
          "schema_version": 0,
          "attributes": {
            "arn": "arn:aws:logs:eu-central-1:428652792036:log-group:/aws/lambda/app-v1-fix-temperature",
            "id": "/aws/lambda/app-v1-fix-temperature",
            "kms_key_id": "",
            "log_group_class": "STANDARD",
            "name": "/aws/lambda/app-v1-fix-temperature",
            "name_prefix": "",
            "retention_in_days": 7,
            "skip_destroy": false,
            "tags": {},
            "tags_all": {}
          },
          "sensitive_attributes": [],
          "private": "bnVsbA==",
          "dependencies": [
            "aws_dynamodb_table.app_v1_temperature",
            "aws_iam_role.app_v1_lambda_role",
            "aws_lambda_function.app_v1_lambda_main",
            "aws_s3_bucket.app_v1_bucket",
            "aws_s3_object.app_v1_s3_object",
            "data.archive_file.app_v1_lambda_file"
          ]
        },
        {
          "index_key": "getBlindStatus",
          "schema_version": 0,
          "attributes": {
            "arn": "arn:aws:logs:eu-central-1:428652792036:log-group:/aws/lambda/app-v1-get-blind-status",
            "id": "/aws/lambda/app-v1-get-blind-status",
            "kms_key_id": "",
            "log_group_class": "STANDARD",
            "name": "/aws/lambda/app-v1-get-blind-status",
            "name_prefix": "",
            "retention_in_days": 7,
            "skip_destroy": false,
            "tags": {},
            "tags_all": {}
          },
          "sensitive_attributes": [],
          "private": "bnVsbA==",
          "dependencies": [
            "aws_dynamodb_table.app_v1_temperature",
            "aws_iam_role.app_v1_lambda_role",
            "aws_lambda_function.app_v1_lambda_main",
            "aws_s3_bucket.app_v1_bucket",
            "aws_s3_object.app_v1_s3_object",
            "data.archive_file.app_v1_lambda_file"
          ]
        },
        {
          "index_key": "getSunrise",
          "schema_version": 0,
          "attributes": {
            "arn": "arn:aws:logs:eu-central-1:428652792036:log-group:/aws/lambda/app-v1-get-sunrise",
            "id": "/aws/lambda/app-v1-get-sunrise",
            "kms_key_id": "",
            "log_group_class": "STANDARD",
            "name": "/aws/lambda/app-v1-get-sunrise",
            "name_prefix": "",
            "retention_in_days": 7,
            "skip_destroy": false,
            "tags": {},
            "tags_all": {}
          },
          "sensitive_attributes": [],
          "private": "bnVsbA==",
          "dependencies": [
            "aws_dynamodb_table.app_v1_temperature",
            "aws_iam_role.app_v1_lambda_role",
            "aws_lambda_function.app_v1_lambda_main",
            "aws_s3_bucket.app_v1_bucket",
            "aws_s3_object.app_v1_s3_object",
            "data.archive_file.app_v1_lambda_file"
          ]
        },
        {
          "index_key": "getTemperature",
          "schema_version": 0,
          "attributes": {
            "arn": "arn:aws:logs:eu-central-1:428652792036:log-group:/aws/lambda/app-v1-get-temperature",
            "id": "/aws/lambda/app-v1-get-temperature",
            "kms_key_id": "",
            "log_group_class": "STANDARD",
            "name": "/aws/lambda/app-v1-get-temperature",
            "name_prefix": "",
            "retention_in_days": 7,
            "skip_destroy": false,
            "tags": {},
            "tags_all": {}
          },
          "sensitive_attributes": [],
          "private": "bnVsbA==",
          "dependencies": [
            "aws_dynamodb_table.app_v1_temperature",
            "aws_iam_role.app_v1_lambda_role",
            "aws_lambda_function.app_v1_lambda_main",
            "aws_s3_bucket.app_v1_bucket",
            "aws_s3_object.app_v1_s3_object",
            "data.archive_file.app_v1_lambda_file"
          ]
        },
        {
          "index_key": "setBlindPosition",
          "schema_version": 0,
          "attributes": {
            "arn": "arn:aws:logs:eu-central-1:428652792036:log-group:/aws/lambda/app-v1-set-blind-position",
            "id": "/aws/lambda/app-v1-set-blind-position",
            "kms_key_id": "",
            "log_group_class": "STANDARD",
            "name": "/aws/lambda/app-v1-set-blind-position",
            "name_prefix": "",
            "retention_in_days": 7,
            "skip_destroy": false,
            "tags": {},
            "tags_all": {}
          },
          "sensitive_attributes": [],
          "private": "bnVsbA==",
          "dependencies": [
            "aws_dynamodb_table.app_v1_temperature",
            "aws_iam_role.app_v1_lambda_role",
            "aws_lambda_function.app_v1_lambda_main",
            "aws_s3_bucket.app_v1_bucket",
            "aws_s3_object.app_v1_s3_object",
            "data.archive_file.app_v1_lambda_file"
          ]
        },
        {
          "index_key": "setTemperature",
          "schema_version": 0,
          "attributes": {
            "arn": "arn:aws:logs:eu-central-1:428652792036:log-group:/aws/lambda/app-v1-set-temperature",
            "id": "/aws/lambda/app-v1-set-temperature",
            "kms_key_id": "",
            "log_group_class": "STANDARD",
            "name": "/aws/lambda/app-v1-set-temperature",
            "name_prefix": "",
            "retention_in_days": 7,
            "skip_destroy": false,
            "tags": {},
            "tags_all": {}
          },
          "sensitive_attributes": [],
          "private": "bnVsbA==",
          "dependencies": [
            "aws_dynamodb_table.app_v1_temperature",
            "aws_iam_role.app_v1_lambda_role",
            "aws_lambda_function.app_v1_lambda_main",
            "aws_s3_bucket.app_v1_bucket",
            "aws_s3_object.app_v1_s3_object",
            "data.archive_file.app_v1_lambda_file"
          ]
        }
      ]
    },
    {
      "mode": "managed",
      "type": "aws_dynamodb_table",
      "name": "app_v1_temperature",
      "provider": "provider[\"registry.terraform.io/hashicorp/aws\"]",
      "instances": [
        {
          "schema_version": 1,
          "attributes": {
            "arn": "arn:aws:dynamodb:eu-central-1:428652792036:table/app-v1-temperature",
            "attribute": [
              {
                "name": "event_date",
                "type": "S"
              },
              {
                "name": "sensor",
                "type": "S"
              }
            ],
            "billing_mode": "PAY_PER_REQUEST",
            "deletion_protection_enabled": false,
            "global_secondary_index": [],
            "hash_key": "sensor",
            "id": "app-v1-temperature",
            "import_table": [],
            "local_secondary_index": [],
            "name": "app-v1-temperature",
            "point_in_time_recovery": [
              {
                "enabled": false
              }
            ],
            "range_key": "event_date",
            "read_capacity": 0,
            "replica": [],
            "restore_date_time": null,
            "restore_source_name": null,
            "restore_to_latest_time": null,
            "server_side_encryption": [],
            "stream_arn": "arn:aws:dynamodb:eu-central-1:428652792036:table/app-v1-temperature/stream/2025-06-04T12:23:07.285",
            "stream_enabled": true,
            "stream_label": "2025-06-04T12:23:07.285",
            "stream_view_type": "NEW_IMAGE",
            "table_class": "STANDARD",
            "tags": {},
            "tags_all": {},
            "timeouts": null,
            "ttl": [
              {
                "attribute_name": "event_date_ttl",
                "enabled": true
              }
            ],
            "write_capacity": 0
          },
          "sensitive_attributes": [],
          "private": "eyJlMmJmYjczMC1lY2FhLTExZTYtOGY4OC0zNDM2M2JjN2M0YzAiOnsiY3JlYXRlIjoxODAwMDAwMDAwMDAwLCJkZWxldGUiOjYwMDAwMDAwMDAwMCwidXBkYXRlIjozNjAwMDAwMDAwMDAwfSwic2NoZW1hX3ZlcnNpb24iOiIxIn0=",
          "create_before_destroy": true
        }
      ]
    },
    {
      "mode": "managed",
      "type": "aws_iam_role",
      "name": "app_v1_lambda_role",
      "provider": "provider[\"registry.terraform.io/hashicorp/aws\"]",
      "instances": [
        {
          "schema_version": 0,
          "attributes": {
            "arn": "arn:aws:iam::428652792036:role/app-v1-lambda-role",
            "assume_role_policy": "{\"Statement\":[{\"Action\":\"sts:AssumeRole\",\"Effect\":\"Allow\",\"Principal\":{\"Service\":\"lambda.amazonaws.com\"}}],\"Version\":\"2012-10-17\"}",
            "create_date": "2025-06-04T12:23:07Z",
            "description": "",
            "force_detach_policies": false,
            "id": "app-v1-lambda-role",
            "inline_policy": [],
            "managed_policy_arns": [
              "arn:aws:iam::aws:policy/AWSLambdaInvocation-DynamoDB",
              "arn:aws:iam::aws:policy/AmazonDynamoDBFullAccess",
              "arn:aws:iam::aws:policy/AmazonS3FullAccess",
              "arn:aws:iam::aws:policy/service-role/AWSLambdaBasicExecutionRole"
            ],
            "max_session_duration": 3600,
            "name": "app-v1-lambda-role",
            "name_prefix": "",
            "path": "/",
            "permissions_boundary": "",
            "tags": {},
            "tags_all": {},
            "unique_id": "AROAWHTNSRDSJVMH4SLXB"
          },
          "sensitive_attributes": [],
          "private": "bnVsbA==",
          "create_before_destroy": true
        }
      ]
    },
    {
      "mode": "managed",
      "type": "aws_iam_role_policy_attachment",
      "name": "app_v1_policy_lambda_dynamo",
      "provider": "provider[\"registry.terraform.io/hashicorp/aws\"]",
      "instances": [
        {
          "schema_version": 0,
          "attributes": {
            "id": "app-v1-lambda-role-20250604122308281100000003",
            "policy_arn": "arn:aws:iam::aws:policy/AmazonDynamoDBFullAccess",
            "role": "app-v1-lambda-role"
          },
          "sensitive_attributes": [],
          "private": "bnVsbA==",
          "dependencies": [
            "aws_iam_role.app_v1_lambda_role"
          ]
        }
      ]
    },
    {
      "mode": "managed",
      "type": "aws_iam_role_policy_attachment",
      "name": "app_v1_policy_lambda_execution",
      "provider": "provider[\"registry.terraform.io/hashicorp/aws\"]",
      "instances": [
        {
          "schema_version": 0,
          "attributes": {
            "id": "app-v1-lambda-role-20250604122308132900000002",
            "policy_arn": "arn:aws:iam::aws:policy/service-role/AWSLambdaBasicExecutionRole",
            "role": "app-v1-lambda-role"
          },
          "sensitive_attributes": [],
          "private": "bnVsbA==",
          "dependencies": [
            "aws_iam_role.app_v1_lambda_role"
          ]
        }
      ]
    },
    {
      "mode": "managed",
      "type": "aws_iam_role_policy_attachment",
      "name": "app_v1_policy_lambda_execution1",
      "provider": "provider[\"registry.terraform.io/hashicorp/aws\"]",
      "instances": [
        {
          "schema_version": 0,
          "attributes": {
            "id": "app-v1-lambda-role-20250604122307957500000001",
            "policy_arn": "arn:aws:iam::aws:policy/AWSLambdaInvocation-DynamoDB",
            "role": "app-v1-lambda-role"
          },
          "sensitive_attributes": [],
          "private": "bnVsbA==",
          "dependencies": [
            "aws_iam_role.app_v1_lambda_role"
          ]
        }
      ]
    },
    {
      "mode": "managed",
      "type": "aws_iam_role_policy_attachment",
      "name": "app_v1_policy_lambda_s3",
      "provider": "provider[\"registry.terraform.io/hashicorp/aws\"]",
      "instances": [
        {
          "schema_version": 0,
          "attributes": {
            "id": "app-v1-lambda-role-20250604122308296100000004",
            "policy_arn": "arn:aws:iam::aws:policy/AmazonS3FullAccess",
            "role": "app-v1-lambda-role"
          },
          "sensitive_attributes": [],
          "private": "bnVsbA==",
          "dependencies": [
            "aws_iam_role.app_v1_lambda_role"
          ]
        }
      ]
    },
    {
      "mode": "managed",
      "type": "aws_lambda_function",
      "name": "app_v1_lambda_main",
      "provider": "provider[\"registry.terraform.io/hashicorp/aws\"]",
      "instances": [
        {
          "index_key": "fixTemperature",
          "schema_version": 0,
          "attributes": {
            "architectures": [
              "x86_64"
            ],
            "arn": "arn:aws:lambda:eu-central-1:428652792036:function:app-v1-fix-temperature",
            "code_signing_config_arn": "",
            "dead_letter_config": [],
            "description": "",
            "environment": [
              {
                "variables": {
                  "AWS_DYNAMO_TEMP_TABLE": "app-v1-temperature",
                  "RETENTION_DAYS": "7"
                }
              }
            ],
            "ephemeral_storage": [
              {
                "size": 512
              }
            ],
            "file_system_config": [],
            "filename": null,
            "function_name": "app-v1-fix-temperature",
            "handler": "temperature.fix_temperature",
            "id": "app-v1-fix-temperature",
            "image_config": [],
            "image_uri": "",
            "invoke_arn": "arn:aws:apigateway:eu-central-1:lambda:path/2015-03-31/functions/arn:aws:lambda:eu-central-1:428652792036:function:app-v1-fix-temperature/invocations",
            "kms_key_arn": "",
            "last_modified": "2025-06-07T10:01:33.000+0000",
            "layers": [],
            "logging_config": [
              {
                "application_log_level": "",
                "log_format": "Text",
                "log_group": "/aws/lambda/app-v1-fix-temperature",
                "system_log_level": ""
              }
            ],
            "memory_size": 128,
            "package_type": "Zip",
            "publish": false,
            "qualified_arn": "arn:aws:lambda:eu-central-1:428652792036:function:app-v1-fix-temperature:$LATEST",
            "qualified_invoke_arn": "arn:aws:apigateway:eu-central-1:lambda:path/2015-03-31/functions/arn:aws:lambda:eu-central-1:428652792036:function:app-v1-fix-temperature:$LATEST/invocations",
            "replace_security_groups_on_destroy": null,
            "replacement_security_group_ids": null,
            "reserved_concurrent_executions": -1,
            "role": "arn:aws:iam::428652792036:role/app-v1-lambda-role",
            "runtime": "python3.12",
            "s3_bucket": "app-iot-v1-bucket",
            "s3_key": "app.zip",
            "s3_object_version": null,
            "signing_job_arn": "",
            "signing_profile_version_arn": "",
            "skip_destroy": false,
            "snap_start": [],
            "source_code_hash": "GFYx7wWT8R0UlFf+DCJraJ3H14kuCJ/6gEP+mVFur9Q=",
            "source_code_size": 1617417,
            "tags": {},
            "tags_all": {},
            "timeout": 25,
            "timeouts": null,
            "tracing_config": [
              {
                "mode": "PassThrough"
              }
            ],
            "version": "$LATEST",
            "vpc_config": []
          },
          "sensitive_attributes": [],
          "private": "eyJlMmJmYjczMC1lY2FhLTExZTYtOGY4OC0zNDM2M2JjN2M0YzAiOnsiY3JlYXRlIjo2MDAwMDAwMDAwMDAsImRlbGV0ZSI6NjAwMDAwMDAwMDAwLCJ1cGRhdGUiOjYwMDAwMDAwMDAwMH19",
          "dependencies": [
            "aws_dynamodb_table.app_v1_temperature",
            "aws_iam_role.app_v1_lambda_role",
            "aws_s3_bucket.app_v1_bucket",
            "aws_s3_object.app_v1_s3_object",
            "data.archive_file.app_v1_lambda_file"
          ]
        },
        {
          "index_key": "getBlindStatus",
          "schema_version": 0,
          "attributes": {
            "architectures": [
              "x86_64"
            ],
            "arn": "arn:aws:lambda:eu-central-1:428652792036:function:app-v1-get-blind-status",
            "code_signing_config_arn": "",
            "dead_letter_config": [],
            "description": "",
            "environment": [
              {
                "variables": {
                  "AWS_DYNAMO_TEMP_TABLE": "app-v1-temperature",
                  "RETENTION_DAYS": "7"
                }
              }
            ],
            "ephemeral_storage": [
              {
                "size": 512
              }
            ],
            "file_system_config": [],
            "filename": null,
            "function_name": "app-v1-get-blind-status",
            "handler": "blinds.get_blind_state",
            "id": "app-v1-get-blind-status",
            "image_config": [],
            "image_uri": "",
            "invoke_arn": "arn:aws:apigateway:eu-central-1:lambda:path/2015-03-31/functions/arn:aws:lambda:eu-central-1:428652792036:function:app-v1-get-blind-status/invocations",
            "kms_key_arn": "",
            "last_modified": "2025-06-07T10:01:33.000+0000",
            "layers": [],
            "logging_config": [
              {
                "application_log_level": "",
                "log_format": "Text",
                "log_group": "/aws/lambda/app-v1-get-blind-status",
                "system_log_level": ""
              }
            ],
            "memory_size": 128,
            "package_type": "Zip",
            "publish": false,
            "qualified_arn": "arn:aws:lambda:eu-central-1:428652792036:function:app-v1-get-blind-status:$LATEST",
            "qualified_invoke_arn": "arn:aws:apigateway:eu-central-1:lambda:path/2015-03-31/functions/arn:aws:lambda:eu-central-1:428652792036:function:app-v1-get-blind-status:$LATEST/invocations",
            "replace_security_groups_on_destroy": null,
            "replacement_security_group_ids": null,
            "reserved_concurrent_executions": -1,
            "role": "arn:aws:iam::428652792036:role/app-v1-lambda-role",
            "runtime": "python3.12",
            "s3_bucket": "app-iot-v1-bucket",
            "s3_key": "app.zip",
            "s3_object_version": null,
            "signing_job_arn": "",
            "signing_profile_version_arn": "",
            "skip_destroy": false,
            "snap_start": [],
            "source_code_hash": "GFYx7wWT8R0UlFf+DCJraJ3H14kuCJ/6gEP+mVFur9Q=",
            "source_code_size": 1617417,
            "tags": {},
            "tags_all": {},
            "timeout": 25,
            "timeouts": null,
            "tracing_config": [
              {
                "mode": "PassThrough"
              }
            ],
            "version": "$LATEST",
            "vpc_config": []
          },
          "sensitive_attributes": [],
          "private": "eyJlMmJmYjczMC1lY2FhLTExZTYtOGY4OC0zNDM2M2JjN2M0YzAiOnsiY3JlYXRlIjo2MDAwMDAwMDAwMDAsImRlbGV0ZSI6NjAwMDAwMDAwMDAwLCJ1cGRhdGUiOjYwMDAwMDAwMDAwMH19",
          "dependencies": [
            "aws_dynamodb_table.app_v1_temperature",
            "aws_iam_role.app_v1_lambda_role",
            "aws_s3_bucket.app_v1_bucket",
            "aws_s3_object.app_v1_s3_object",
            "data.archive_file.app_v1_lambda_file"
          ]
        },
        {
          "index_key": "getSunrise",
          "schema_version": 0,
          "attributes": {
            "architectures": [
              "x86_64"
            ],
            "arn": "arn:aws:lambda:eu-central-1:428652792036:function:app-v1-get-sunrise",
            "code_signing_config_arn": "",
            "dead_letter_config": [],
            "description": "",
            "environment": [
              {
                "variables": {
                  "AWS_DYNAMO_TEMP_TABLE": "app-v1-temperature",
                  "RETENTION_DAYS": "7"
                }
              }
            ],
            "ephemeral_storage": [
              {
                "size": 512
              }
            ],
            "file_system_config": [],
            "filename": null,
            "function_name": "app-v1-get-sunrise",
            "handler": "sunrise.get_sunrise",
            "id": "app-v1-get-sunrise",
            "image_config": [],
            "image_uri": "",
            "invoke_arn": "arn:aws:apigateway:eu-central-1:lambda:path/2015-03-31/functions/arn:aws:lambda:eu-central-1:428652792036:function:app-v1-get-sunrise/invocations",
            "kms_key_arn": "",
            "last_modified": "2025-06-07T10:01:33.000+0000",
            "layers": [],
            "logging_config": [
              {
                "application_log_level": "",
                "log_format": "Text",
                "log_group": "/aws/lambda/app-v1-get-sunrise",
                "system_log_level": ""
              }
            ],
            "memory_size": 128,
            "package_type": "Zip",
            "publish": false,
            "qualified_arn": "arn:aws:lambda:eu-central-1:428652792036:function:app-v1-get-sunrise:$LATEST",
            "qualified_invoke_arn": "arn:aws:apigateway:eu-central-1:lambda:path/2015-03-31/functions/arn:aws:lambda:eu-central-1:428652792036:function:app-v1-get-sunrise:$LATEST/invocations",
            "replace_security_groups_on_destroy": null,
            "replacement_security_group_ids": null,
            "reserved_concurrent_executions": -1,
            "role": "arn:aws:iam::428652792036:role/app-v1-lambda-role",
            "runtime": "python3.12",
            "s3_bucket": "app-iot-v1-bucket",
            "s3_key": "app.zip",
            "s3_object_version": null,
            "signing_job_arn": "",
            "signing_profile_version_arn": "",
            "skip_destroy": false,
            "snap_start": [],
            "source_code_hash": "GFYx7wWT8R0UlFf+DCJraJ3H14kuCJ/6gEP+mVFur9Q=",
            "source_code_size": 1617417,
            "tags": {},
            "tags_all": {},
            "timeout": 25,
            "timeouts": null,
            "tracing_config": [
              {
                "mode": "PassThrough"
              }
            ],
            "version": "$LATEST",
            "vpc_config": []
          },
          "sensitive_attributes": [],
          "private": "eyJlMmJmYjczMC1lY2FhLTExZTYtOGY4OC0zNDM2M2JjN2M0YzAiOnsiY3JlYXRlIjo2MDAwMDAwMDAwMDAsImRlbGV0ZSI6NjAwMDAwMDAwMDAwLCJ1cGRhdGUiOjYwMDAwMDAwMDAwMH19",
          "dependencies": [
            "aws_dynamodb_table.app_v1_temperature",
            "aws_iam_role.app_v1_lambda_role",
            "aws_s3_bucket.app_v1_bucket",
            "aws_s3_object.app_v1_s3_object",
            "data.archive_file.app_v1_lambda_file"
          ]
        },
        {
          "index_key": "getTemperature",
          "schema_version": 0,
          "attributes": {
            "architectures": [
              "x86_64"
            ],
            "arn": "arn:aws:lambda:eu-central-1:428652792036:function:app-v1-get-temperature",
            "code_signing_config_arn": "",
            "dead_letter_config": [],
            "description": "",
            "environment": [
              {
                "variables": {
                  "AWS_DYNAMO_TEMP_TABLE": "app-v1-temperature",
                  "RETENTION_DAYS": "7"
                }
              }
            ],
            "ephemeral_storage": [
              {
                "size": 512
              }
            ],
            "file_system_config": [],
            "filename": null,
            "function_name": "app-v1-get-temperature",
            "handler": "temperature.get_temperature",
            "id": "app-v1-get-temperature",
            "image_config": [],
            "image_uri": "",
            "invoke_arn": "arn:aws:apigateway:eu-central-1:lambda:path/2015-03-31/functions/arn:aws:lambda:eu-central-1:428652792036:function:app-v1-get-temperature/invocations",
            "kms_key_arn": "",
            "last_modified": "2025-06-07T10:01:33.000+0000",
            "layers": [],
            "logging_config": [
              {
                "application_log_level": "",
                "log_format": "Text",
                "log_group": "/aws/lambda/app-v1-get-temperature",
                "system_log_level": ""
              }
            ],
            "memory_size": 128,
            "package_type": "Zip",
            "publish": false,
            "qualified_arn": "arn:aws:lambda:eu-central-1:428652792036:function:app-v1-get-temperature:$LATEST",
            "qualified_invoke_arn": "arn:aws:apigateway:eu-central-1:lambda:path/2015-03-31/functions/arn:aws:lambda:eu-central-1:428652792036:function:app-v1-get-temperature:$LATEST/invocations",
            "replace_security_groups_on_destroy": null,
            "replacement_security_group_ids": null,
            "reserved_concurrent_executions": -1,
            "role": "arn:aws:iam::428652792036:role/app-v1-lambda-role",
            "runtime": "python3.12",
            "s3_bucket": "app-iot-v1-bucket",
            "s3_key": "app.zip",
            "s3_object_version": null,
            "signing_job_arn": "",
            "signing_profile_version_arn": "",
            "skip_destroy": false,
            "snap_start": [],
            "source_code_hash": "GFYx7wWT8R0UlFf+DCJraJ3H14kuCJ/6gEP+mVFur9Q=",
            "source_code_size": 1617417,
            "tags": {},
            "tags_all": {},
            "timeout": 25,
            "timeouts": null,
            "tracing_config": [
              {
                "mode": "PassThrough"
              }
            ],
            "version": "$LATEST",
            "vpc_config": []
          },
          "sensitive_attributes": [],
          "private": "eyJlMmJmYjczMC1lY2FhLTExZTYtOGY4OC0zNDM2M2JjN2M0YzAiOnsiY3JlYXRlIjo2MDAwMDAwMDAwMDAsImRlbGV0ZSI6NjAwMDAwMDAwMDAwLCJ1cGRhdGUiOjYwMDAwMDAwMDAwMH19",
          "dependencies": [
            "aws_dynamodb_table.app_v1_temperature",
            "aws_iam_role.app_v1_lambda_role",
            "aws_s3_bucket.app_v1_bucket",
            "aws_s3_object.app_v1_s3_object",
            "data.archive_file.app_v1_lambda_file"
          ]
        },
        {
          "index_key": "setBlindPosition",
          "schema_version": 0,
          "attributes": {
            "architectures": [
              "x86_64"
            ],
            "arn": "arn:aws:lambda:eu-central-1:428652792036:function:app-v1-set-blind-position",
            "code_signing_config_arn": "",
            "dead_letter_config": [],
            "description": "",
            "environment": [
              {
                "variables": {
                  "AWS_DYNAMO_TEMP_TABLE": "app-v1-temperature",
                  "RETENTION_DAYS": "7"
                }
              }
            ],
            "ephemeral_storage": [
              {
                "size": 512
              }
            ],
            "file_system_config": [],
            "filename": null,
            "function_name": "app-v1-set-blind-position",
            "handler": "blinds.set_blind_position",
            "id": "app-v1-set-blind-position",
            "image_config": [],
            "image_uri": "",
            "invoke_arn": "arn:aws:apigateway:eu-central-1:lambda:path/2015-03-31/functions/arn:aws:lambda:eu-central-1:428652792036:function:app-v1-set-blind-position/invocations",
            "kms_key_arn": "",
            "last_modified": "2025-06-07T10:01:33.000+0000",
            "layers": [],
            "logging_config": [
              {
                "application_log_level": "",
                "log_format": "Text",
                "log_group": "/aws/lambda/app-v1-set-blind-position",
                "system_log_level": ""
              }
            ],
            "memory_size": 128,
            "package_type": "Zip",
            "publish": false,
            "qualified_arn": "arn:aws:lambda:eu-central-1:428652792036:function:app-v1-set-blind-position:$LATEST",
            "qualified_invoke_arn": "arn:aws:apigateway:eu-central-1:lambda:path/2015-03-31/functions/arn:aws:lambda:eu-central-1:428652792036:function:app-v1-set-blind-position:$LATEST/invocations",
            "replace_security_groups_on_destroy": null,
            "replacement_security_group_ids": null,
            "reserved_concurrent_executions": -1,
            "role": "arn:aws:iam::428652792036:role/app-v1-lambda-role",
            "runtime": "python3.12",
            "s3_bucket": "app-iot-v1-bucket",
            "s3_key": "app.zip",
            "s3_object_version": null,
            "signing_job_arn": "",
            "signing_profile_version_arn": "",
            "skip_destroy": false,
            "snap_start": [],
            "source_code_hash": "GFYx7wWT8R0UlFf+DCJraJ3H14kuCJ/6gEP+mVFur9Q=",
            "source_code_size": 1617417,
            "tags": {},
            "tags_all": {},
            "timeout": 25,
            "timeouts": null,
            "tracing_config": [
              {
                "mode": "PassThrough"
              }
            ],
            "version": "$LATEST",
            "vpc_config": []
          },
          "sensitive_attributes": [],
          "private": "eyJlMmJmYjczMC1lY2FhLTExZTYtOGY4OC0zNDM2M2JjN2M0YzAiOnsiY3JlYXRlIjo2MDAwMDAwMDAwMDAsImRlbGV0ZSI6NjAwMDAwMDAwMDAwLCJ1cGRhdGUiOjYwMDAwMDAwMDAwMH19",
          "dependencies": [
            "aws_dynamodb_table.app_v1_temperature",
            "aws_iam_role.app_v1_lambda_role",
            "aws_s3_bucket.app_v1_bucket",
            "aws_s3_object.app_v1_s3_object",
            "data.archive_file.app_v1_lambda_file"
          ]
        },
        {
          "index_key": "setTemperature",
          "schema_version": 0,
          "attributes": {
            "architectures": [
              "x86_64"
            ],
            "arn": "arn:aws:lambda:eu-central-1:428652792036:function:app-v1-set-temperature",
            "code_signing_config_arn": "",
            "dead_letter_config": [],
            "description": "",
            "environment": [
              {
                "variables": {
                  "AWS_DYNAMO_TEMP_TABLE": "app-v1-temperature",
                  "RETENTION_DAYS": "7"
                }
              }
            ],
            "ephemeral_storage": [
              {
                "size": 512
              }
            ],
            "file_system_config": [],
            "filename": null,
            "function_name": "app-v1-set-temperature",
            "handler": "temperature.set_temperature",
            "id": "app-v1-set-temperature",
            "image_config": [],
            "image_uri": "",
            "invoke_arn": "arn:aws:apigateway:eu-central-1:lambda:path/2015-03-31/functions/arn:aws:lambda:eu-central-1:428652792036:function:app-v1-set-temperature/invocations",
            "kms_key_arn": "",
            "last_modified": "2025-06-07T10:01:33.000+0000",
            "layers": [],
            "logging_config": [
              {
                "application_log_level": "",
                "log_format": "Text",
                "log_group": "/aws/lambda/app-v1-set-temperature",
                "system_log_level": ""
              }
            ],
            "memory_size": 128,
            "package_type": "Zip",
            "publish": false,
            "qualified_arn": "arn:aws:lambda:eu-central-1:428652792036:function:app-v1-set-temperature:$LATEST",
            "qualified_invoke_arn": "arn:aws:apigateway:eu-central-1:lambda:path/2015-03-31/functions/arn:aws:lambda:eu-central-1:428652792036:function:app-v1-set-temperature:$LATEST/invocations",
            "replace_security_groups_on_destroy": null,
            "replacement_security_group_ids": null,
            "reserved_concurrent_executions": -1,
            "role": "arn:aws:iam::428652792036:role/app-v1-lambda-role",
            "runtime": "python3.12",
            "s3_bucket": "app-iot-v1-bucket",
            "s3_key": "app.zip",
            "s3_object_version": null,
            "signing_job_arn": "",
            "signing_profile_version_arn": "",
            "skip_destroy": false,
            "snap_start": [],
            "source_code_hash": "GFYx7wWT8R0UlFf+DCJraJ3H14kuCJ/6gEP+mVFur9Q=",
            "source_code_size": 1617417,
            "tags": {},
            "tags_all": {},
            "timeout": 25,
            "timeouts": null,
            "tracing_config": [
              {
                "mode": "PassThrough"
              }
            ],
            "version": "$LATEST",
            "vpc_config": []
          },
          "sensitive_attributes": [],
          "private": "eyJlMmJmYjczMC1lY2FhLTExZTYtOGY4OC0zNDM2M2JjN2M0YzAiOnsiY3JlYXRlIjo2MDAwMDAwMDAwMDAsImRlbGV0ZSI6NjAwMDAwMDAwMDAwLCJ1cGRhdGUiOjYwMDAwMDAwMDAwMH19",
          "dependencies": [
            "aws_dynamodb_table.app_v1_temperature",
            "aws_iam_role.app_v1_lambda_role",
            "aws_s3_bucket.app_v1_bucket",
            "aws_s3_object.app_v1_s3_object",
            "data.archive_file.app_v1_lambda_file"
          ]
        }
      ]
    },
    {
      "mode": "managed",
      "type": "aws_lambda_permission",
      "name": "app_v1_api_gw_permission",
      "provider": "provider[\"registry.terraform.io/hashicorp/aws\"]",
      "instances": [
        {
          "index_key": "fixTemperature",
          "schema_version": 0,
          "attributes": {
            "action": "lambda:InvokeFunction",
            "event_source_token": null,
            "function_name": "app-v1-fix-temperature",
            "function_url_auth_type": null,
            "id": "AllowExecutionFromAPIGateway-fixTemperature",
            "principal": "apigateway.amazonaws.com",
            "principal_org_id": null,
            "qualifier": "",
            "source_account": null,
            "source_arn": "arn:aws:execute-api:eu-central-1:428652792036:5y6ik2qvoj/*/*",
            "statement_id": "AllowExecutionFromAPIGateway-fixTemperature",
            "statement_id_prefix": ""
          },
          "sensitive_attributes": [],
          "private": "bnVsbA==",
          "dependencies": [
            "aws_api_gateway_rest_api.app_v1_rest_api",
            "aws_dynamodb_table.app_v1_temperature",
            "aws_iam_role.app_v1_lambda_role",
            "aws_lambda_function.app_v1_lambda_main",
            "aws_s3_bucket.app_v1_bucket",
            "aws_s3_object.app_v1_s3_object",
            "data.archive_file.app_v1_lambda_file"
          ]
        },
        {
          "index_key": "getBlindStatus",
          "schema_version": 0,
          "attributes": {
            "action": "lambda:InvokeFunction",
            "event_source_token": null,
            "function_name": "app-v1-get-blind-status",
            "function_url_auth_type": null,
            "id": "AllowExecutionFromAPIGateway-getBlindStatus",
            "principal": "apigateway.amazonaws.com",
            "principal_org_id": null,
            "qualifier": "",
            "source_account": null,
            "source_arn": "arn:aws:execute-api:eu-central-1:428652792036:5y6ik2qvoj/*/*",
            "statement_id": "AllowExecutionFromAPIGateway-getBlindStatus",
            "statement_id_prefix": ""
          },
          "sensitive_attributes": [],
          "private": "bnVsbA==",
          "dependencies": [
            "aws_api_gateway_rest_api.app_v1_rest_api",
            "aws_dynamodb_table.app_v1_temperature",
            "aws_iam_role.app_v1_lambda_role",
            "aws_lambda_function.app_v1_lambda_main",
            "aws_s3_bucket.app_v1_bucket",
            "aws_s3_object.app_v1_s3_object",
            "data.archive_file.app_v1_lambda_file"
          ]
        },
        {
          "index_key": "getSunrise",
          "schema_version": 0,
          "attributes": {
            "action": "lambda:InvokeFunction",
            "event_source_token": null,
            "function_name": "app-v1-get-sunrise",
            "function_url_auth_type": null,
            "id": "AllowExecutionFromAPIGateway-getSunrise",
            "principal": "apigateway.amazonaws.com",
            "principal_org_id": null,
            "qualifier": "",
            "source_account": null,
            "source_arn": "arn:aws:execute-api:eu-central-1:428652792036:5y6ik2qvoj/*/*",
            "statement_id": "AllowExecutionFromAPIGateway-getSunrise",
            "statement_id_prefix": ""
          },
          "sensitive_attributes": [],
          "private": "bnVsbA==",
          "dependencies": [
            "aws_api_gateway_rest_api.app_v1_rest_api",
            "aws_dynamodb_table.app_v1_temperature",
            "aws_iam_role.app_v1_lambda_role",
            "aws_lambda_function.app_v1_lambda_main",
            "aws_s3_bucket.app_v1_bucket",
            "aws_s3_object.app_v1_s3_object",
            "data.archive_file.app_v1_lambda_file"
          ]
        },
        {
          "index_key": "getTemperature",
          "schema_version": 0,
          "attributes": {
            "action": "lambda:InvokeFunction",
            "event_source_token": null,
            "function_name": "app-v1-get-temperature",
            "function_url_auth_type": null,
            "id": "AllowExecutionFromAPIGateway-getTemperature",
            "principal": "apigateway.amazonaws.com",
            "principal_org_id": null,
            "qualifier": "",
            "source_account": null,
            "source_arn": "arn:aws:execute-api:eu-central-1:428652792036:5y6ik2qvoj/*/*",
            "statement_id": "AllowExecutionFromAPIGateway-getTemperature",
            "statement_id_prefix": ""
          },
          "sensitive_attributes": [],
          "private": "bnVsbA==",
          "dependencies": [
            "aws_api_gateway_rest_api.app_v1_rest_api",
            "aws_dynamodb_table.app_v1_temperature",
            "aws_iam_role.app_v1_lambda_role",
            "aws_lambda_function.app_v1_lambda_main",
            "aws_s3_bucket.app_v1_bucket",
            "aws_s3_object.app_v1_s3_object",
            "data.archive_file.app_v1_lambda_file"
          ]
        },
        {
          "index_key": "setBlindPosition",
          "schema_version": 0,
          "attributes": {
            "action": "lambda:InvokeFunction",
            "event_source_token": null,
            "function_name": "app-v1-set-blind-position",
            "function_url_auth_type": null,
            "id": "AllowExecutionFromAPIGateway-setBlindPosition",
            "principal": "apigateway.amazonaws.com",
            "principal_org_id": null,
            "qualifier": "",
            "source_account": null,
            "source_arn": "arn:aws:execute-api:eu-central-1:428652792036:5y6ik2qvoj/*/*",
            "statement_id": "AllowExecutionFromAPIGateway-setBlindPosition",
            "statement_id_prefix": ""
          },
          "sensitive_attributes": [],
          "private": "bnVsbA==",
          "dependencies": [
            "aws_api_gateway_rest_api.app_v1_rest_api",
            "aws_dynamodb_table.app_v1_temperature",
            "aws_iam_role.app_v1_lambda_role",
            "aws_lambda_function.app_v1_lambda_main",
            "aws_s3_bucket.app_v1_bucket",
            "aws_s3_object.app_v1_s3_object",
            "data.archive_file.app_v1_lambda_file"
          ]
        },
        {
          "index_key": "setTemperature",
          "schema_version": 0,
          "attributes": {
            "action": "lambda:InvokeFunction",
            "event_source_token": null,
            "function_name": "app-v1-set-temperature",
            "function_url_auth_type": null,
            "id": "AllowExecutionFromAPIGateway-setTemperature",
            "principal": "apigateway.amazonaws.com",
            "principal_org_id": null,
            "qualifier": "",
            "source_account": null,
            "source_arn": "arn:aws:execute-api:eu-central-1:428652792036:5y6ik2qvoj/*/*",
            "statement_id": "AllowExecutionFromAPIGateway-setTemperature",
            "statement_id_prefix": ""
          },
          "sensitive_attributes": [],
          "private": "bnVsbA==",
          "dependencies": [
            "aws_api_gateway_rest_api.app_v1_rest_api",
            "aws_dynamodb_table.app_v1_temperature",
            "aws_iam_role.app_v1_lambda_role",
            "aws_lambda_function.app_v1_lambda_main",
            "aws_s3_bucket.app_v1_bucket",
            "aws_s3_object.app_v1_s3_object",
            "data.archive_file.app_v1_lambda_file"
          ]
        }
      ]
    },
    {
      "mode": "managed",
      "type": "aws_s3_bucket",
      "name": "app_v1_bucket",
      "provider": "provider[\"registry.terraform.io/hashicorp/aws\"]",
      "instances": [
        {
          "schema_version": 0,
          "attributes": {
            "acceleration_status": "",
            "acl": null,
            "arn": "arn:aws:s3:::app-iot-v1-bucket",
            "bucket": "app-iot-v1-bucket",
            "bucket_domain_name": "app-iot-v1-bucket.s3.amazonaws.com",
            "bucket_prefix": "",
            "bucket_regional_domain_name": "app-iot-v1-bucket.s3.eu-central-1.amazonaws.com",
            "cors_rule": [],
            "force_destroy": true,
            "grant": [
              {
                "id": "f9f70e760c39cf70726ff029caa6c36068d9222adf6ab1a025f9963ff5e4ccd2",
                "permissions": [
                  "FULL_CONTROL"
                ],
                "type": "CanonicalUser",
                "uri": ""
              }
            ],
            "hosted_zone_id": "Z21DNDUVLTQW6Q",
            "id": "app-iot-v1-bucket",
            "lifecycle_rule": [],
            "logging": [],
            "object_lock_configuration": [],
            "object_lock_enabled": false,
            "policy": "",
            "region": "eu-central-1",
            "replication_configuration": [],
            "request_payer": "BucketOwner",
            "server_side_encryption_configuration": [
              {
                "rule": [
                  {
                    "apply_server_side_encryption_by_default": [
                      {
                        "kms_master_key_id": "",
                        "sse_algorithm": "AES256"
                      }
                    ],
                    "bucket_key_enabled": false
                  }
                ]
              }
            ],
            "tags": {},
            "tags_all": {},
            "timeouts": null,
            "versioning": [
              {
                "enabled": false,
                "mfa_delete": false
              }
            ],
            "website": [],
            "website_domain": null,
            "website_endpoint": null
          },
          "sensitive_attributes": [],
          "private": "eyJlMmJmYjczMC1lY2FhLTExZTYtOGY4OC0zNDM2M2JjN2M0YzAiOnsiY3JlYXRlIjoxMjAwMDAwMDAwMDAwLCJkZWxldGUiOjM2MDAwMDAwMDAwMDAsInJlYWQiOjEyMDAwMDAwMDAwMDAsInVwZGF0ZSI6MTIwMDAwMDAwMDAwMH19",
          "create_before_destroy": true
        }
      ]
    },
    {
      "mode": "managed",
      "type": "aws_s3_bucket_public_access_block",
      "name": "app_v1_bucket_access",
      "provider": "provider[\"registry.terraform.io/hashicorp/aws\"]",
      "instances": [
        {
          "schema_version": 0,
          "attributes": {
            "block_public_acls": true,
            "block_public_policy": true,
            "bucket": "app-iot-v1-bucket",
            "id": "app-iot-v1-bucket",
            "ignore_public_acls": true,
            "restrict_public_buckets": true
          },
          "sensitive_attributes": [],
          "private": "bnVsbA==",
          "dependencies": [
            "aws_s3_bucket.app_v1_bucket"
          ]
        }
      ]
    },
    {
      "mode": "managed",
      "type": "aws_s3_object",
      "name": "app_v1_s3_object",
      "provider": "provider[\"registry.terraform.io/hashicorp/aws\"]",
      "instances": [
        {
          "schema_version": 0,
          "attributes": {
            "acl": null,
            "bucket": "app-iot-v1-bucket",
            "bucket_key_enabled": false,
            "cache_control": "",
            "checksum_algorithm": null,
            "checksum_crc32": "",
            "checksum_crc32c": "",
            "checksum_sha1": "",
            "checksum_sha256": "",
            "content": null,
            "content_base64": null,
            "content_disposition": "",
            "content_encoding": "",
            "content_language": "",
            "content_type": "application/octet-stream",
            "etag": "d92795285af35bd61a17c10426b90604",
            "force_destroy": false,
            "id": "app.zip",
            "key": "app.zip",
            "kms_key_id": null,
            "metadata": {},
            "object_lock_legal_hold_status": "",
            "object_lock_mode": "",
            "object_lock_retain_until_date": "",
            "override_provider": [],
            "server_side_encryption": "AES256",
            "source": ".././terraform/files/app.zip",
            "source_hash": null,
            "storage_class": "STANDARD",
            "tags": {},
            "tags_all": {},
            "version_id": "",
            "website_redirect": ""
          },
          "sensitive_attributes": [],
          "private": "bnVsbA==",
          "dependencies": [
            "aws_s3_bucket.app_v1_bucket",
            "data.archive_file.app_v1_lambda_file"
          ]
        }
      ]
    }
  ],
  "check_results": null
}
